
Microsoft Visual Studio Solution File, Format Version 12.00
# Visual Studio 15
VisualStudioVersion = 15.0.26228.9
MinimumVisualStudioVersion = 10.0.40219.1
Project("{FAE04EC0-301F-11D3-BF4B-00C04F79EFBC}") = "TaskServices", "TaskServices\TaskServices.csproj", "{8463811B-9C4A-4FDF-B4FE-CD0B93889499}"
EndProject
Project("{E53339B2-1760-4266-BCC7-CA923CBCF16C}") = "docker-compose", "docker-compose.dcproj", "{5E828CBB-191F-4B32-ABE5-AEA3CE3F7DC1}"
EndProject
Global
	GlobalSection(SolutionConfigurationPlatforms) = preSolution
		Debug|Any CPU = Debug|Any CPU
		Release|Any CPU = Release|Any CPU
	EndGlobalSection
	GlobalSection(ProjectConfigurationPlatforms) = postSolution
		{8463811B-9C4A-4FDF-B4FE-CD0B93889499}.Debug|Any CPU.ActiveCfg = Debug|Any CPU
		{8463811B-9C4A-4FDF-B4FE-CD0B93889499}.Debug|Any CPU.Build.0 = Debug|Any CPU
		{8463811B-9C4A-4FDF-B4FE-CD0B93889499}.Release|Any CPU.ActiveCfg = Release|Any CPU
		{8463811B-9C4A-4FDF-B4FE-CD0B93889499}.Release|Any CPU.Build.0 = Release|Any CPU
		{5E828CBB-191F-4B32-ABE5-AEA3CE3F7DC1}.Debug|Any CPU.ActiveCfg = Debug|Any CPU
		{5E828CBB-191F-4B32-ABE5-AEA3CE3F7DC1}.Debug|Any CPU.Build.0 = Debug|Any CPU
		{5E828CBB-191F-4B32-ABE5-AEA3CE3F7DC1}.Release|Any CPU.ActiveCfg = Release|Any CPU
		{5E828CBB-191F-4B32-ABE5-AEA3CE3F7DC1}.Release|Any CPU.Build.0 = Release|Any CPU
	EndGlobalSection
	GlobalSection(SolutionProperties) = preSolution
		HideSolutionNode = FALSE
	EndGlobalSection
EndGlobal
